// !$*UTF8*$!
{
	archiveVersion = 1;
	classes = {
	};
	objectVersion = 77;
	objects = {

/* Begin PBXBuildFile section */
		738B70772F2A4F3E00F968B5 /* SDWebImage in Frameworks */ = {isa = PBXBuildFile; productRef = 738B70762F2A4F3E00F968B5 /* SDWebImage */; };
		738B70792F2A4F3E00F968B5 /* SDWebImageMapKit in Frameworks */ = {isa = PBXBuildFile; productRef = 738B70782F2A4F3E00F968B5 /* SDWebImageMapKit */; };
		738B707C2F2A4F5200F968B5 /* Swinject in Frameworks */ = {isa = PBXBuildFile; productRef = 738B707B2F2A4F5200F968B5 /* Swinject */; };
		738B707F2F2A4F9200F968B5 /* SDWebImageSwiftUI in Frameworks */ = {isa = PBXBuildFile; productRef = 738B707E2F2A4F9200F968B5 /* SDWebImageSwiftUI */; };
		738B76642F2B1FCC00F968B5 /* OTPView in Frameworks */ = {isa = PBXBuildFile; productRef = 738B76632F2B1FCC00F968B5 /* OTPView */; };
		738B76672F2B200600F968B5 /* SSOTPPinView in Frameworks */ = {isa = PBXBuildFile; productRef = 738B76662F2B200600F968B5 /* SSOTPPinView */; };
		738B766A2F2B205300F968B5 /* CountryPicker in Frameworks */ = {isa = PBXBuildFile; productRef = 738B76692F2B205300F968B5 /* CountryPicker */; };
		73B628362F33A5240008C5C8 /* Swifter in Frameworks */ = {isa = PBXBuildFile; productRef = 73B628352F33A5240008C5C8 /* Swifter */; };
		B1CA00112F5B000000AAAAAA /* test_track_1.mp3 in Resources */ = {isa = PBXBuildFile; fileRef = B1CA00012F5B000000AAAAAA /* test_track_1.mp3 */; };
		B1CA00122F5B000000AAAAAA /* test_track_2.mp3 in Resources */ = {isa = PBXBuildFile; fileRef = B1CA00022F5B000000AAAAAA /* test_track_2.mp3 */; };
		B1CA00132F5B000000AAAAAA /* test_track_3.mp3 in Resources */ = {isa = PBXBuildFile; fileRef = B1CA00032F5B000000AAAAAA /* test_track_3.mp3 */; };
		B1CA00142F5B000000AAAAAA /* test_track_4.mp3 in Resources */ = {isa = PBXBuildFile; fileRef = B1CA00042F5B000000AAAAAA /* test_track_4.mp3 */; };
		B1CA00152F5B000000AAAAAA /* test_track_5.mp3 in Resources */ = {isa = PBXBuildFile; fileRef = B1CA00052F5B000000AAAAAA /* test_track_5.mp3 */; };
		B1CA00162F5B000000BBBBBB /* test_track_6.mp4 in Resources */ = {isa = PBXBuildFile; fileRef = B1CA00062F5B000000BBBBBB /* test_track_6.mp4 */; };
		B1CA00172F5B000000BBBBBB /* test_track_7.mp4 in Resources */ = {isa = PBXBuildFile; fileRef = B1CA00072F5B000000BBBBBB /* test_track_7.mp4 */; };
/* End PBXBuildFile section */

/* Begin PBXFileReference section */
		738A77CE2F291B860055E007 /* MixerMind.app */ = {isa = PBXFileReference; explicitFileType = wrapper.application; includeInIndex = 0; path = MixerMind.app; sourceTree = BUILT_PRODUCTS_DIR; };
		B1CA00012F5B000000AAAAAA /* test_track_1.mp3 */ = {isa = PBXFileReference; lastKnownFileType = audio.mp3; path = test_track_1.mp3; sourceTree = "<group>"; };
		B1CA00022F5B000000AAAAAA /* test_track_2.mp3 */ = {isa = PBXFileReference; lastKnownFileType = audio.mp3; path = test_track_2.mp3; sourceTree = "<group>"; };
		B1CA00032F5B000000AAAAAA /* test_track_3.mp3 */ = {isa = PBXFileReference; lastKnownFileType = audio.mp3; path = test_track_3.mp3; sourceTree = "<group>"; };
		B1CA00042F5B000000AAAAAA /* test_track_4.mp3 */ = {isa = PBXFileReference; lastKnownFileType = audio.mp3; path = test_track_4.mp3; sourceTree = "<group>"; };
		B1CA00052F5B000000AAAAAA /* test_track_5.mp3 */ = {isa = PBXFileReference; lastKnownFileType = audio.mp3; path = test_track_5.mp3; sourceTree = "<group>"; };
		B1CA00062F5B000000BBBBBB /* test_track_6.mp4 */ = {isa = PBXFileReference; lastKnownFileType = file; path = test_track_6.mp4; sourceTree = "<group>"; };
		B1CA00072F5B000000BBBBBB /* test_track_7.mp4 */ = {isa = PBXFileReference; lastKnownFileType = file; path = test_track_7.mp4; sourceTree = "<group>"; };
/* End PBXFileReference section */

/* Begin PBXFileSystemSynchronizedRootGroup section */
		738A77D02F291B860055E007 /* MixerMind */ = {
			isa = PBXFileSystemSynchronizedRootGroup;
			path = MixerMind;
			sourceTree = "<group>";
		};
/* End PBXFileSystemSynchronizedRootGroup section */

/* Begin PBXFrameworksBuildPhase section */
		738A77CB2F291B860055E007 /* Frameworks */ = {
			isa = PBXFrameworksBuildPhase;
			buildActionMask = 2147483647;
			files = (
				738B707F2F2A4F9200F968B5 /* SDWebImageSwiftUI in Frameworks */,
				738B70792F2A4F3E00F968B5 /* SDWebImageMapKit in Frameworks */,
				738B76642F2B1FCC00F968B5 /* OTPView in Frameworks */,
				73B628362F33A5240008C5C8 /* Swifter in Frameworks */,
				738B70772F2A4F3E00F968B5 /* SDWebImage in Frameworks */,
				738B707C2F2A4F5200F968B5 /* Swinject in Frameworks */,
				738B766A2F2B205300F968B5 /* CountryPicker in Frameworks */,
				738B76672F2B200600F968B5 /* SSOTPPinView in Frameworks */,
			);
			runOnlyForDeploymentPostprocessing = 0;
		};
/* End PBXFrameworksBuildPhase section */

/* Begin PBXGroup section */
		738A77C52F291B860055E007 = {
			isa = PBXGroup;
			children = (
				738A77D02F291B860055E007 /* MixerMind */,
				B1CA00202F5B000000AAAAAA /* MixerMind/Resources/TestAudio */,
				935A35762F4AD51A001CBC33 /* Frameworks */,
				738A77CF2F291B860055E007 /* Products */,
			);
			sourceTree = "<group>";
		};
		738A77CF2F291B860055E007 /* Products */ = {
			isa = PBXGroup;
			children = (
				738A77CE2F291B860055E007 /* MixerMind.app */,
			);
			name = Products;
			sourceTree = "<group>";
		};
		935A35762F4AD51A001CBC33 /* Frameworks */ = {
			isa = PBXGroup;
			children = (
			);
			name = Frameworks;
			sourceTree = "<group>";
		};
		B1CA00202F5B000000AAAAAA /* MixerMind/Resources/TestAudio */ = {
			isa = PBXGroup;
			children = (
				B1CA00012F5B000000AAAAAA /* test_track_1.mp3 */,
				B1CA00022F5B000000AAAAAA /* test_track_2.mp3 */,
				B1CA00032F5B000000AAAAAA /* test_track_3.mp3 */,
				B1CA00042F5B000000AAAAAA /* test_track_4.mp3 */,
				B1CA00052F5B000000AAAAAA /* test_track_5.mp3 */,
				B1CA00062F5B000000BBBBBB /* test_track_6.mp4 */,
				B1CA00072F5B000000BBBBBB /* test_track_7.mp4 */,
			);
			path = MixerMind/Resources/TestAudio;
			sourceTree = "<group>";
		};
/* End PBXGroup section */

/* Begin PBXNativeTarget section */
		738A77CD2F291B860055E007 /* MixerMind */ = {
			isa = PBXNativeTarget;
			buildConfigurationList = 738A77D92F291B860055E007 /* Build configuration list for PBXNativeTarget "MixerMind" */;
			buildPhases = (
				738A77CA2F291B860055E007 /* Sources */,
				738A77CB2F291B860055E007 /* Frameworks */,
				738A77CC2F291B860055E007 /* Resources */,
			);
			buildRules = (
			);
			dependencies = (
			);
			fileSystemSynchronizedGroups = (
				738A77D02F291B860055E007 /* MixerMind */,
			);
			name = MixerMind;
			packageProductDependencies = (
				738B70762F2A4F3E00F968B5 /* SDWebImage */,
				738B70782F2A4F3E00F968B5 /* SDWebImageMapKit */,
				738B707B2F2A4F5200F968B5 /* Swinject */,
				738B707E2F2A4F9200F968B5 /* SDWebImageSwiftUI */,
				738B76632F2B1FCC00F968B5 /* OTPView */,
				738B76662F2B200600F968B5 /* SSOTPPinView */,
				738B76692F2B205300F968B5 /* CountryPicker */,
				73B628352F33A5240008C5C8 /* Swifter */,
			);
			productName = MixerMind;
			productReference = 738A77CE2F291B860055E007 /* MixerMind.app */;
			productType = "com.apple.product-type.application";
		};
/* End PBXNativeTarget section */

/* Begin PBXProject section */
		738A77C62F291B860055E007 /* Project object */ = {
			isa = PBXProject;
			attributes = {
				BuildIndependentTargetsInParallel = 1;
				LastSwiftUpdateCheck = 2620;
				LastUpgradeCheck = 2620;
				TargetAttributes = {
					738A77CD2F291B860055E007 = {
						CreatedOnToolsVersion = 26.2;
					};
				};
			};
			buildConfigurationList = 738A77C92F291B860055E007 /* Build configuration list for PBXProject "MixerMind" */;
			developmentRegion = en;
			hasScannedForEncodings = 0;
			knownRegions = (
				en,
				Base,
			);
			mainGroup = 738A77C52F291B860055E007;
			minimizedProjectReferenceProxies = 1;
			packageReferences = (
				738B70752F2A4F3E00F968B5 /* XCRemoteSwiftPackageReference "SDWebImage" */,
				738B707A2F2A4F5200F968B5 /* XCRemoteSwiftPackageReference "Swinject" */,
				738B707D2F2A4F9200F968B5 /* XCRemoteSwiftPackageReference "SDWebImageSwiftUI" */,
				738B76622F2B1FCC00F968B5 /* XCRemoteSwiftPackageReference "otpview-swiftui" */,
				738B76652F2B200600F968B5 /* XCRemoteSwiftPackageReference "SSOTPPinView" */,
				738B76682F2B205300F968B5 /* XCRemoteSwiftPackageReference "CountryPicker" */,
				73B628342F33A5240008C5C8 /* XCRemoteSwiftPackageReference "swifter" */,
			);
			preferredProjectObjectVersion = 77;
			productRefGroup = 738A77CF2F291B860055E007 /* Products */;
			projectDirPath = "";
			projectRoot = "";
			targets = (
				738A77CD2F291B860055E007 /* MixerMind */,
			);
		};
/* End PBXProject section */

/* Begin PBXResourcesBuildPhase section */
		738A77CC2F291B860055E007 /* Resources */ = {
			isa = PBXResourcesBuildPhase;
			buildActionMask = 2147483647;
			files = (
				B1CA00112F5B000000AAAAAA /* test_track_1.mp3 in Resources */,
				B1CA00122F5B000000AAAAAA /* test_track_2.mp3 in Resources */,
				B1CA00132F5B000000AAAAAA /* test_track_3.mp3 in Resources */,
				B1CA00142F5B000000AAAAAA /* test_track_4.mp3 in Resources */,
				B1CA00152F5B000000AAAAAA /* test_track_5.mp3 in Resources */,
				B1CA00162F5B000000BBBBBB /* test_track_6.mp4 in Resources */,
				B1CA00172F5B000000BBBBBB /* test_track_7.mp4 in Resources */,
			);
			runOnlyForDeploymentPostprocessing = 0;
		};
/* End PBXResourcesBuildPhase section */

/* Begin PBXSourcesBuildPhase section */
		738A77CA2F291B860055E007 /* Sources */ = {
			isa = PBXSourcesBuildPhase;
			buildActionMask = 2147483647;
			files = (
			);
			runOnlyForDeploymentPostprocessing = 0;
		};
/* End PBXSourcesBuildPhase section */

/* Begin XCBuildConfiguration section */
		738A77D72F291B860055E007 /* Debug */ = {
			isa = XCBuildConfiguration;
			buildSettings = {
				ALWAYS_SEARCH_USER_PATHS = NO;
				ASSETCATALOG_COMPILER_GENERATE_SWIFT_ASSET_SYMBOL_EXTENSIONS = YES;
				CLANG_ANALYZER_NONNULL = YES;
				CLANG_ANALYZER_NUMBER_OBJECT_CONVERSION = YES_AGGRESSIVE;
				CLANG_CXX_LANGUAGE_STANDARD = "gnu++20";
				CLANG_ENABLE_MODULES = YES;
				CLANG_ENABLE_OBJC_ARC = YES;
				CLANG_ENABLE_OBJC_WEAK = YES;
				CLANG_WARN_BLOCK_CAPTURE_AUTORELEASING = YES;
				CLANG_WARN_BOOL_CONVERSION = YES;
				CLANG_WARN_COMMA = YES;
				CLANG_WARN_CONSTANT_CONVERSION = YES;
				CLANG_WARN_DEPRECATED_OBJC_IMPLEMENTATIONS = YES;
				CLANG_WARN_DIRECT_OBJC_ISA_USAGE = YES_ERROR;
				CLANG_WARN_DOCUMENTATION_COMMENTS = YES;
				CLANG_WARN_EMPTY_BODY = YES;
				CLANG_WARN_ENUM_CONVERSION = YES;
				CLANG_WARN_INFINITE_RECURSION = YES;
				CLANG_WARN_INT_CONVERSION = YES;
				CLANG_WARN_NON_LITERAL_NULL_CONVERSION = YES;
				CLANG_WARN_OBJC_IMPLICIT_RETAIN_SELF = YES;
				CLANG_WARN_OBJC_LITERAL_CONVERSION = YES;
				CLANG_WARN_OBJC_ROOT_CLASS = YES_ERROR;
				CLANG_WARN_QUOTED_INCLUDE_IN_FRAMEWORK_HEADER = YES;
				CLANG_WARN_RANGE_LOOP_ANALYSIS = YES;
				CLANG_WARN_STRICT_PROTOTYPES = YES;
				CLANG_WARN_SUSPICIOUS_MOVE = YES;
				CLANG_WARN_UNGUARDED_AVAILABILITY = YES_AGGRESSIVE;
				CLANG_WARN_UNREACHABLE_CODE = YES;
				CLANG_WARN__DUPLICATE_METHOD_MATCH = YES;
				COPY_PHASE_STRIP = NO;
				DEBUG_INFORMATION_FORMAT = dwarf;
				DEVELOPMENT_TEAM = 3G6DVA664H;
				ENABLE_STRICT_OBJC_MSGSEND = YES;
				ENABLE_TESTABILITY = YES;
				ENABLE_USER_SCRIPT_SANDBOXING = YES;
				GCC_C_LANGUAGE_STANDARD = gnu17;
				GCC_DYNAMIC_NO_PIC = NO;
				GCC_NO_COMMON_BLOCKS = YES;
				GCC_OPTIMIZATION_LEVEL = 0;
				GCC_PREPROCESSOR_DEFINITIONS = (
					"DEBUG=1",
					"$(inherited)",
				);
				GCC_WARN_64_TO_32_BIT_CONVERSION = YES;
				GCC_WARN_ABOUT_RETURN_TYPE = YES_ERROR;
				GCC_WARN_UNDECLARED_SELECTOR = YES;
				GCC_WARN_UNINITIALIZED_AUTOS = YES_AGGRESSIVE;
				GCC_WARN_UNUSED_FUNCTION = YES;
				GCC_WARN_UNUSED_VARIABLE = YES;
				IPHONEOS_DEPLOYMENT_TARGET = 26.2;
				LOCALIZATION_PREFERS_STRING_CATALOGS = YES;
				MTL_ENABLE_DEBUG_INFO = INCLUDE_SOURCE;
				MTL_FAST_MATH = YES;
				ONLY_ACTIVE_ARCH = YES;
				SDKROOT = iphoneos;
				SWIFT_ACTIVE_COMPILATION_CONDITIONS = "DEBUG $(inherited)";
				SWIFT_OPTIMIZATION_LEVEL = "-Onone";
			};
			name = Debug;
		};
		738A77D82F291B860055E007 /* Release */ = {
			isa = XCBuildConfiguration;
			buildSettings = {
				ALWAYS_SEARCH_USER_PATHS = NO;
				ASSETCATALOG_COMPILER_GENERATE_SWIFT_ASSET_SYMBOL_EXTENSIONS = YES;
				CLANG_ANALYZER_NONNULL = YES;
				CLANG_ANALYZER_NUMBER_OBJECT_CONVERSION = YES_AGGRESSIVE;
				CLANG_CXX_LANGUAGE_STANDARD = "gnu++20";
				CLANG_ENABLE_MODULES = YES;
				CLANG_ENABLE_OBJC_ARC = YES;
				CLANG_ENABLE_OBJC_WEAK = YES;
				CLANG_WARN_BLOCK_CAPTURE_AUTORELEASING = YES;
				CLANG_WARN_BOOL_CONVERSION = YES;
				CLANG_WARN_COMMA = YES;
				CLANG_WARN_CONSTANT_CONVERSION = YES;
				CLANG_WARN_DEPRECATED_OBJC_IMPLEMENTATIONS = YES;
				CLANG_WARN_DIRECT_OBJC_ISA_USAGE = YES_ERROR;
				CLANG_WARN_DOCUMENTATION_COMMENTS = YES;
				CLANG_WARN_EMPTY_BODY = YES;
				CLANG_WARN_ENUM_CONVERSION = YES;
				CLANG_WARN_INFINITE_RECURSION = YES;
				CLANG_WARN_INT_CONVERSION = YES;
				CLANG_WARN_NON_LITERAL_NULL_CONVERSION = YES;
				CLANG_WARN_OBJC_IMPLICIT_RETAIN_SELF = YES;
				CLANG_WARN_OBJC_LITERAL_CONVERSION = YES;
				CLANG_WARN_OBJC_ROOT_CLASS = YES_ERROR;
				CLANG_WARN_QUOTED_INCLUDE_IN_FRAMEWORK_HEADER = YES;
				CLANG_WARN_RANGE_LOOP_ANALYSIS = YES;
				CLANG_WARN_STRICT_PROTOTYPES = YES;
				CLANG_WARN_SUSPICIOUS_MOVE = YES;
				CLANG_WARN_UNGUARDED_AVAILABILITY = YES_AGGRESSIVE;
				CLANG_WARN_UNREACHABLE_CODE = YES;
				CLANG_WARN__DUPLICATE_METHOD_MATCH = YES;
				COPY_PHASE_STRIP = NO;
				DEBUG_INFORMATION_FORMAT = "dwarf-with-dsym";
				DEVELOPMENT_TEAM = 3G6DVA664H;
				ENABLE_NS_ASSERTIONS = NO;
				ENABLE_STRICT_OBJC_MSGSEND = YES;
				ENABLE_USER_SCRIPT_SANDBOXING = YES;
				GCC_C_LANGUAGE_STANDARD = gnu17;
				GCC_NO_COMMON_BLOCKS = YES;
				GCC_WARN_64_TO_32_BIT_CONVERSION = YES;
				GCC_WARN_ABOUT_RETURN_TYPE = YES_ERROR;
				GCC_WARN_UNDECLARED_SELECTOR = YES;
				GCC_WARN_UNINITIALIZED_AUTOS = YES_AGGRESSIVE;
				GCC_WARN_UNUSED_FUNCTION = YES;
				GCC_WARN_UNUSED_VARIABLE = YES;
				IPHONEOS_DEPLOYMENT_TARGET = 26.2;
				LOCALIZATION_PREFERS_STRING_CATALOGS = YES;
				MTL_ENABLE_DEBUG_INFO = NO;
				MTL_FAST_MATH = YES;
				SDKROOT = iphoneos;
				SWIFT_COMPILATION_MODE = wholemodule;
				VALIDATE_PRODUCT = YES;
			};
			name = Release;
		};
		738A77DA2F291B860055E007 /* Debug */ = {
			isa = XCBuildConfiguration;
			buildSettings = {
				ASSETCATALOG_COMPILER_APPICON_NAME = AppIcon;
				ASSETCATALOG_COMPILER_GLOBAL_ACCENT_COLOR_NAME = AccentColor;
				CODE_SIGN_ENTITLEMENTS = MixerMind/MixerMind.entitlements;
				CODE_SIGN_IDENTITY = "Apple Development";
				CODE_SIGN_STYLE = Automatic;
				CURRENT_PROJECT_VERSION = 1;
				DEVELOPMENT_TEAM = 3G6DVA664H;
				ENABLE_PREVIEWS = YES;
				GENERATE_INFOPLIST_FILE = YES;
				INFOPLIST_FILE = MixerMindInfo.plist;
				INFOPLIST_KEY_CFBundleDisplayName = "mixer mind";
				INFOPLIST_KEY_NSAppleMusicUsageDescription = "mixermind uses Apple Music to let you add songs to your mixes.";
				INFOPLIST_KEY_NSCameraUsageDescription = "mixermind needs camera access to capture photos for your mixes.";
				INFOPLIST_KEY_NSMicrophoneUsageDescription = "mixermind needs microphone access to record audio for your mixes.";
				INFOPLIST_KEY_NSSpeechRecognitionUsageDescription = "mixermind uses speech recognition to transcribe voice recordings for search.";
				INFOPLIST_KEY_UIApplicationSceneManifest_Generation = YES;
				INFOPLIST_KEY_UIApplicationSupportsIndirectInputEvents = YES;
				INFOPLIST_KEY_UILaunchScreen_Generation = YES;
				INFOPLIST_KEY_UISupportedInterfaceOrientations_iPad = "UIInterfaceOrientationPortrait UIInterfaceOrientationPortraitUpsideDown UIInterfaceOrientationLandscapeLeft UIInterfaceOrientationLandscapeRight";
				INFOPLIST_KEY_UISupportedInterfaceOrientations_iPhone = UIInterfaceOrientationPortrait;
				IPHONEOS_DEPLOYMENT_TARGET = 26.0;
				LD_RUNPATH_SEARCH_PATHS = (
					"$(inherited)",
					"@executable_path/Frameworks",
				);
				MARKETING_VERSION = 1.0;
				PRODUCT_BUNDLE_IDENTIFIER = app.mixer.mixermind;
				PRODUCT_NAME = "$(TARGET_NAME)";
				PROVISIONING_PROFILE_SPECIFIER = "";
				STRING_CATALOG_GENERATE_SYMBOLS = YES;
				SWIFT_APPROACHABLE_CONCURRENCY = YES;
				SWIFT_DEFAULT_ACTOR_ISOLATION = MainActor;
				SWIFT_EMIT_LOC_STRINGS = YES;
				SWIFT_UPCOMING_FEATURE_MEMBER_IMPORT_VISIBILITY = YES;
				SWIFT_VERSION = 5.0;
				TARGETED_DEVICE_FAMILY = "1,2";
			};
			name = Debug;
		};
		738A77DB2F291B860055E007 /* Release */ = {
			isa = XCBuildConfiguration;
			buildSettings = {
				ASSETCATALOG_COMPILER_APPICON_NAME = AppIcon;
				ASSETCATALOG_COMPILER_GLOBAL_ACCENT_COLOR_NAME = AccentColor;
				CODE_SIGN_ENTITLEMENTS = MixerMind/MixerMind.entitlements;
				CODE_SIGN_IDENTITY = "Apple Development";
				CODE_SIGN_STYLE = Automatic;
				CURRENT_PROJECT_VERSION = 1;
				DEVELOPMENT_TEAM = 3G6DVA664H;
				ENABLE_PREVIEWS = YES;
				GENERATE_INFOPLIST_FILE = YES;
				INFOPLIST_FILE = MixerMindInfo.plist;
				INFOPLIST_KEY_CFBundleDisplayName = "mixer mind";
				INFOPLIST_KEY_NSAppleMusicUsageDescription = "mixermind uses Apple Music to let you add songs to your mixes.";
				INFOPLIST_KEY_NSCameraUsageDescription = "mixermind needs camera access to capture photos for your mixes.";
				INFOPLIST_KEY_NSMicrophoneUsageDescription = "mixermind needs microphone access to record audio for your mixes.";
				INFOPLIST_KEY_NSSpeechRecognitionUsageDescription = "mixermind uses speech recognition to transcribe voice recordings for search.";
				INFOPLIST_KEY_UIApplicationSceneManifest_Generation = YES;
				INFOPLIST_KEY_UIApplicationSupportsIndirectInputEvents = YES;
				INFOPLIST_KEY_UILaunchScreen_Generation = YES;
				INFOPLIST_KEY_UISupportedInterfaceOrientations_iPad = "UIInterfaceOrientationPortrait UIInterfaceOrientationPortraitUpsideDown UIInterfaceOrientationLandscapeLeft UIInterfaceOrientationLandscapeRight";
				INFOPLIST_KEY_UISupportedInterfaceOrientations_iPhone = UIInterfaceOrientationPortrait;
				IPHONEOS_DEPLOYMENT_TARGET = 26.0;
				LD_RUNPATH_SEARCH_PATHS = (
					"$(inherited)",
					"@executable_path/Frameworks",
				);
				MARKETING_VERSION = 1.0;
				PRODUCT_BUNDLE_IDENTIFIER = app.mixer.mixermind;
				PRODUCT_NAME = "$(TARGET_NAME)";
				PROVISIONING_PROFILE_SPECIFIER = "";
				STRING_CATALOG_GENERATE_SYMBOLS = YES;
				SWIFT_APPROACHABLE_CONCURRENCY = YES;
				SWIFT_DEFAULT_ACTOR_ISOLATION = MainActor;
				SWIFT_EMIT_LOC_STRINGS = YES;
				SWIFT_UPCOMING_FEATURE_MEMBER_IMPORT_VISIBILITY = YES;
				SWIFT_VERSION = 5.0;
				TARGETED_DEVICE_FAMILY = "1,2";
			};
			name = Release;
		};
/* End XCBuildConfiguration section */

/* Begin XCConfigurationList section */
		738A77C92F291B860055E007 /* Build configuration list for PBXProject "MixerMind" */ = {
			isa = XCConfigurationList;
			buildConfigurations = (
				738A77D72F291B860055E007 /* Debug */,
				738A77D82F291B860055E007 /* Release */,
			);
			defaultConfigurationIsVisible = 0;
			defaultConfigurationName = Release;
		};
		738A77D92F291B860055E007 /* Build configuration list for PBXNativeTarget "MixerMind" */ = {
			isa = XCConfigurationList;
			buildConfigurations = (
				738A77DA2F291B860055E007 /* Debug */,
				738A77DB2F291B860055E007 /* Release */,
			);
			defaultConfigurationIsVisible = 0;
			defaultConfigurationName = Release;
		};
/* End XCConfigurationList section */

/* Begin XCRemoteSwiftPackageReference section */
		738B70752F2A4F3E00F968B5 /* XCRemoteSwiftPackageReference "SDWebImage" */ = {
			isa = XCRemoteSwiftPackageReference;
			repositoryURL = "https://github.com/SDWebImage/SDWebImage.git";
			requirement = {
				kind = exactVersion;
				version = 5.21.5;
			};
		};
		738B707A2F2A4F5200F968B5 /* XCRemoteSwiftPackageReference "Swinject" */ = {
			isa = XCRemoteSwiftPackageReference;
			repositoryURL = "https://github.com/Swinject/Swinject.git";
			requirement = {
				kind = exactVersion;
				version = 2.10.0;
			};
		};
		738B707D2F2A4F9200F968B5 /* XCRemoteSwiftPackageReference "SDWebImageSwiftUI" */ = {
			isa = XCRemoteSwiftPackageReference;
			repositoryURL = "https://github.com/SDWebImage/SDWebImageSwiftUI.git";
			requirement = {
				kind = exactVersion;
				version = 3.1.4;
			};
		};
		738B76622F2B1FCC00F968B5 /* XCRemoteSwiftPackageReference "otpview-swiftui" */ = {
			isa = XCRemoteSwiftPackageReference;
			repositoryURL = "https://github.com/mukeshsolanki/otpview-swiftui.git";
			requirement = {
				kind = exactVersion;
				version = 1.0.0;
			};
		};
		738B76652F2B200600F968B5 /* XCRemoteSwiftPackageReference "SSOTPPinView" */ = {
			isa = XCRemoteSwiftPackageReference;
			repositoryURL = "https://github.com/SimformSolutionsPvtLtd/SSOTPPinView.git";
			requirement = {
				kind = exactVersion;
				version = 1.0.1;
			};
		};
		738B76682F2B205300F968B5 /* XCRemoteSwiftPackageReference "CountryPicker" */ = {
			isa = XCRemoteSwiftPackageReference;
			repositoryURL = "https://github.com/SURYAKANTSHARMA/CountryPicker.git";
			requirement = {
				kind = exactVersion;
				version = 5.0.2;
			};
		};
		73B628342F33A5240008C5C8 /* XCRemoteSwiftPackageReference "swifter" */ = {
			isa = XCRemoteSwiftPackageReference;
			repositoryURL = "https://github.com/httpswift/swifter.git";
			requirement = {
				kind = upToNextMajorVersion;
				minimumVersion = 1.5.0;
			};
		};
/* End XCRemoteSwiftPackageReference section */

/* Begin XCSwiftPackageProductDependency section */
		738B70762F2A4F3E00F968B5 /* SDWebImage */ = {
			isa = XCSwiftPackageProductDependency;
			package = 738B70752F2A4F3E00F968B5 /* XCRemoteSwiftPackageReference "SDWebImage" */;
			productName = SDWebImage;
		};
		738B70782F2A4F3E00F968B5 /* SDWebImageMapKit */ = {
			isa = XCSwiftPackageProductDependency;
			package = 738B70752F2A4F3E00F968B5 /* XCRemoteSwiftPackageReference "SDWebImage" */;
			productName = SDWebImageMapKit;
		};
		738B707B2F2A4F5200F968B5 /* Swinject */ = {
			isa = XCSwiftPackageProductDependency;
			package = 738B707A2F2A4F5200F968B5 /* XCRemoteSwiftPackageReference "Swinject" */;
			productName = Swinject;
		};
		738B707E2F2A4F9200F968B5 /* SDWebImageSwiftUI */ = {
			isa = XCSwiftPackageProductDependency;
			package = 738B707D2F2A4F9200F968B5 /* XCRemoteSwiftPackageReference "SDWebImageSwiftUI" */;
			productName = SDWebImageSwiftUI;
		};
		738B76632F2B1FCC00F968B5 /* OTPView */ = {
			isa = XCSwiftPackageProductDependency;
			package = 738B76622F2B1FCC00F968B5 /* XCRemoteSwiftPackageReference "otpview-swiftui" */;
			productName = OTPView;
		};
		738B76662F2B200600F968B5 /* SSOTPPinView */ = {
			isa = XCSwiftPackageProductDependency;
			package = 738B76652F2B200600F968B5 /* XCRemoteSwiftPackageReference "SSOTPPinView" */;
			productName = SSOTPPinView;
		};
		738B76692F2B205300F968B5 /* CountryPicker */ = {
			isa = XCSwiftPackageProductDependency;
			package = 738B76682F2B205300F968B5 /* XCRemoteSwiftPackageReference "CountryPicker" */;
			productName = CountryPicker;
		};
		73B628352F33A5240008C5C8 /* Swifter */ = {
			isa = XCSwiftPackageProductDependency;
			package = 73B628342F33A5240008C5C8 /* XCRemoteSwiftPackageReference "swifter" */;
			productName = Swifter;
		};
/* End XCSwiftPackageProductDependency section */
	};
	rootObject = 738A77C62F291B860055E007 /* Project object */;
}
